<?xml version="1.0" encoding="utf-8"?>
<Project ToolsVersion="4.0" xmlns="http://schemas.microsoft.com/developer/msbuild/2003">
  <ItemGroup>
    <Filter Include="__TEST__">
      <UniqueIdentifier>{0fbcf14d-a3e9-443c-bcd6-a61d097afe04}</UniqueIdentifier>
    </Filter>
    <Filter Include="__TEST__\Core">
      <UniqueIdentifier>{c72caa37-6833-414a-b7dd-ea4bf8e4d111}</UniqueIdentifier>
    </Filter>
    <Filter Include="__TEST__\Objects">
      <UniqueIdentifier>{6e3c91fe-d46a-40c3-bf82-760465db4207}</UniqueIdentifier>
    </Filter>
    <Filter Include="__TEST__\Rendering">
      <UniqueIdentifier>{8bc8e03c-4b98-4f4e-86f4-19c01d64d97e}</UniqueIdentifier>
    </Filter>
    <Filter Include="__TEST__\Shaders">
      <UniqueIdentifier>{74aa5acc-9d74-4f42-8dfd-f536e5a3584f}</UniqueIdentifier>
    </Filter>
    <Filter Include="THIRD_PARTY">
      <UniqueIdentifier>{8f9cab0f-fd02-495e-a081-02c75b89e7c9}</UniqueIdentifier>
    </Filter>
  </ItemGroup>
  <ItemGroup>
    <ClCompile Include="main.cpp">
      <Filter>__TEST__</Filter>
    </ClCompile>
    <ClCompile Include="__Test__\Objects\Buffers.cpp">
      <Filter>__TEST__\Objects</Filter>
    </ClCompile>
    <ClCompile Include="__Test__\Objects\Inputs.cpp">
      <Filter>__TEST__\Objects</Filter>
    </ClCompile>
    <ClCompile Include="__Test__\Objects\Mesh.cpp">
      <Filter>__TEST__\Objects</Filter>
    </ClCompile>
    <ClCompile Include="__Test__\Core\GraphicsDevice.cpp">
      <Filter>__TEST__\Core</Filter>
    </ClCompile>
    <ClCompile Include="__Test__\Core\SwapChain.cpp">
      <Filter>__TEST__\Core</Filter>
    </ClCompile>
    <ClCompile Include="__Test__\Core\Window.cpp">
      <Filter>__TEST__\Core</Filter>
    </ClCompile>
    <ClCompile Include="__Test__\Rendering\RayTracedMesh.cpp">
      <Filter>__TEST__\Rendering</Filter>
    </ClCompile>
    <ClCompile Include="__Test__\Rendering\RasterizedMesh.cpp">
      <Filter>__TEST__\Rendering</Filter>
    </ClCompile>
    <ClCompile Include="__Test__\Rendering\Renderer.cpp">
      <Filter>__TEST__\Rendering</Filter>
    </ClCompile>
    <ClCompile Include="__ThirdParty__\TinyObjLoader\tiny_obj_loader.cc">
      <Filter>THIRD_PARTY</Filter>
    </ClCompile>
    <ClCompile Include="__Test__\Objects\VoxelGrid.cpp">
      <Filter>__TEST__\Objects</Filter>
    </ClCompile>
  </ItemGroup>
  <ItemGroup>
    <ClInclude Include="__Test__\Api.h">
      <Filter>__TEST__</Filter>
    </ClInclude>
    <ClInclude Include="__Test__\Objects\Mesh.h">
      <Filter>__TEST__\Objects</Filter>
    </ClInclude>
    <ClInclude Include="__Test__\Objects\Inputs.h">
      <Filter>__TEST__\Objects</Filter>
    </ClInclude>
    <ClInclude Include="__Test__\Objects\Buffers.h">
      <Filter>__TEST__\Objects</Filter>
    </ClInclude>
    <ClInclude Include="__Test__\Rendering\RayTracedMesh.h">
      <Filter>__TEST__\Rendering</Filter>
    </ClInclude>
    <ClInclude Include="__Test__\Rendering\RasterizedMesh.h">
      <Filter>__TEST__\Rendering</Filter>
    </ClInclude>
    <ClInclude Include="__Test__\Rendering\Renderer.h">
      <Filter>__TEST__\Rendering</Filter>
    </ClInclude>
    <ClInclude Include="__Test__\Rendering\RenderObject.h">
      <Filter>__TEST__\Rendering</Filter>
    </ClInclude>
    <ClInclude Include="__Test__\Helpers.h">
      <Filter>__TEST__</Filter>
    </ClInclude>
    <ClInclude Include="__Test__\Core\GraphicsDevice.h">
      <Filter>__TEST__\Core</Filter>
    </ClInclude>
    <ClInclude Include="__Test__\Core\SwapChain.h">
      <Filter>__TEST__\Core</Filter>
    </ClInclude>
    <ClInclude Include="__Test__\Core\Window.h">
      <Filter>__TEST__\Core</Filter>
    </ClInclude>
    <ClInclude Include="__ThirdParty__\TinyObjLoader\tiny_obj_loader.h">
      <Filter>THIRD_PARTY</Filter>
    </ClInclude>
    <ClInclude Include="__Test__\Objects\VoxelGrid.h">
      <Filter>__TEST__\Objects</Filter>
    </ClInclude>
  </ItemGroup>
  <ItemGroup>
    <None Include="__Test__\shaders\RasterizedDiffuse.frag">
      <Filter>__TEST__\Shaders</Filter>
    </None>
    <None Include="__Test__\Shaders\RasterizedDiffuse.vert">
      <Filter>__TEST__\Shaders</Filter>
    </None>
    <None Include="__Test__\Shaders\RayTracedDiffuse.frag">
      <Filter>__TEST__\Shaders</Filter>
    </None>
    <None Include="__Test__\Shaders\RayTracedDiffuse.vert">
      <Filter>__TEST__\Shaders</Filter>
    </None>
    <None Include="__Test__\Shaders\compile.bat">
      <Filter>__TEST__\Shaders</Filter>
    </None>
  </ItemGroup>
</Project>